
Microsoft Visual Studio Solution File, Format Version 12.00
# Visual Studio 14
VisualStudioVersion = 14.0.24720.0
MinimumVisualStudioVersion = 10.0.40219.1
Project("{2150E333-8FDC-42A3-9474-1A3956D46DE8}") = "intellisense", "intellisense", "{0ACD4F14-E307-4BD6-8210-059C6C0E8314}"
	ProjectSection(SolutionItems) = preProject
		intellisense\spjs.intellisense.js = intellisense\spjs.intellisense.js
		intellisense\spjsq.intellisense.js = intellisense\spjsq.intellisense.js
	EndProjectSection
EndProject
Project("{2150E333-8FDC-42A3-9474-1A3956D46DE8}") = "old", "old", "{A359CD94-10DD-4EC7-90DC-6C8B1E8BC3C3}"
	ProjectSection(SolutionItems) = preProject
		old\spjs.1.0.2.intellisense.js = old\spjs.1.0.2.intellisense.js
		old\spjs.1.0.2.js = old\spjs.1.0.2.js
		old\spjsq.1.0.0.intellisense.js = old\spjsq.1.0.0.intellisense.js
		old\spjsq1.0.0.js = old\spjsq1.0.0.js
	EndProjectSection
EndProject
Project("{2150E333-8FDC-42A3-9474-1A3956D46DE8}") = "mini", "mini", "{4442EDCA-C0AD-422E-A01A-988E24FA5FD0}"
	ProjectSection(SolutionItems) = preProject
		release\spjs.min.js = release\spjs.min.js
		release\spjsq.min.js = release\spjsq.min.js
	EndProjectSection
EndProject
Project("{2150E333-8FDC-42A3-9474-1A3956D46DE8}") = "src", "src", "{32F76C27-4D88-4A05-B41E-59F794D75DE2}"
	ProjectSection(SolutionItems) = preProject
		src\spjs.js = src\spjs.js
		src\spjsq.js = src\spjsq.js
	EndProjectSection
EndProject
Global
	GlobalSection(SolutionProperties) = preSolution
		HideSolutionNode = FALSE
	EndGlobalSection
EndGlobal
